
Microsoft Visual Studio Solution File, Format Version 12.00
# Visual Studio 2012
Project("{FAE04EC0-301F-11D3-BF4B-00C04F79EFBC}") = "StoryTest", "StoryTest\StoryTest.csproj", "{E8590FCF-31C1-4FA4-BA3F-8952DFFAF715}"
EndProject
Project("{FAE04EC0-301F-11D3-BF4B-00C04F79EFBC}") = "StoryTest.Test", "StoryTest.Test\StoryTest.Test.csproj", "{3B8E55B1-2A9C-4667-9DF9-C06C77F29CF9}"
EndProject
Project("{2150E333-8FDC-42A3-9474-1A3956D46DE8}") = ".nuget", ".nuget", "{F3109190-2B72-4AE0-BEC0-621DE9FCBB6D}"
	ProjectSection(SolutionItems) = preProject
		.nuget\packages.config = .nuget\packages.config
	EndProjectSection
EndProject
Global
	GlobalSection(SolutionConfigurationPlatforms) = preSolution
		Debug|Any CPU = Debug|Any CPU
		Release|Any CPU = Release|Any CPU
	EndGlobalSection
	GlobalSection(ProjectConfigurationPlatforms) = postSolution
		{E8590FCF-31C1-4FA4-BA3F-8952DFFAF715}.Debug|Any CPU.ActiveCfg = Debug|Any CPU
		{E8590FCF-31C1-4FA4-BA3F-8952DFFAF715}.Debug|Any CPU.Build.0 = Debug|Any CPU
		{E8590FCF-31C1-4FA4-BA3F-8952DFFAF715}.Release|Any CPU.ActiveCfg = Release|Any CPU
		{E8590FCF-31C1-4FA4-BA3F-8952DFFAF715}.Release|Any CPU.Build.0 = Release|Any CPU
		{3B8E55B1-2A9C-4667-9DF9-C06C77F29CF9}.Debug|Any CPU.ActiveCfg = Debug|Any CPU
		{3B8E55B1-2A9C-4667-9DF9-C06C77F29CF9}.Debug|Any CPU.Build.0 = Debug|Any CPU
		{3B8E55B1-2A9C-4667-9DF9-C06C77F29CF9}.Release|Any CPU.ActiveCfg = Release|Any CPU
		{3B8E55B1-2A9C-4667-9DF9-C06C77F29CF9}.Release|Any CPU.Build.0 = Release|Any CPU
	EndGlobalSection
	GlobalSection(SolutionProperties) = preSolution
		HideSolutionNode = FALSE
	EndGlobalSection
EndGlobal
